
Microsoft Visual Studio Solution File, Format Version 12.00
# Visual Studio Version 16
VisualStudioVersion = 16.0.31112.23
MinimumVisualStudioVersion = 10.0.40219.1
Project("{FAE04EC0-301F-11D3-BF4B-00C04F79EFBC}") = "ProyectoWebForms", "ProyectoWebForms\ProyectoWebForms.csproj", "{58D4D7F5-78E5-407B-8279-29B0D49B760C}"
EndProject
Global
	GlobalSection(SolutionConfigurationPlatforms) = preSolution
		Debug|Any CPU = Debug|Any CPU
		Release|Any CPU = Release|Any CPU
	EndGlobalSection
	GlobalSection(ProjectConfigurationPlatforms) = postSolution
		{58D4D7F5-78E5-407B-8279-29B0D49B760C}.Debug|Any CPU.ActiveCfg = Debug|Any CPU
		{58D4D7F5-78E5-407B-8279-29B0D49B760C}.Debug|Any CPU.Build.0 = Debug|Any CPU
		{58D4D7F5-78E5-407B-8279-29B0D49B760C}.Release|Any CPU.ActiveCfg = Release|Any CPU
		{58D4D7F5-78E5-407B-8279-29B0D49B760C}.Release|Any CPU.Build.0 = Release|Any CPU
	EndGlobalSection
	GlobalSection(SolutionProperties) = preSolution
		HideSolutionNode = FALSE
	EndGlobalSection
	GlobalSection(ExtensibilityGlobals) = postSolution
		SolutionGuid = {2D7A733E-DA43-49A2-AA1D-3820D715DD10}
	EndGlobalSection
EndGlobal
